{
  "requires": true,
  "lockfileVersion": 1,
  "dependencies": {
    "react-drag-and-drop": {
      "version": "3.0.0",
      "resolved": "https://registry.npmjs.org/react-drag-and-drop/-/react-drag-and-drop-3.0.0.tgz",
      "integrity": "sha512-NO/BVF8LxinZSJlm3DpWWgIndCy6gu/gHwORPE+I3YINBLi+EF3WlYmho8ooKkHRfefz1Fd1cfoVASKJ1bOhbg=="
    }
  }
}
